
Microsoft Visual Studio Solution File, Format Version 12.00
# Visual Studio Version 17
VisualStudioVersion = 17.6.33815.320
MinimumVisualStudioVersion = 10.0.40219.1
Project("{9A19103F-16F7-4668-BE54-9A1E7A4F7556}") = "az204-blob", "az204-blob.csproj", "{65B27082-A0CB-44B4-A33D-BE533F34BEFA}"
EndProject
Project("{FAE04EC0-301F-11D3-BF4B-00C04F79EFBC}") = "Learning.LocalStorage", "..\Learning.LocalStorage\Learning.LocalStorage.csproj", "{860CE28E-1056-4395-9CBB-1205687CA8D7}"
EndProject
Global
	GlobalSection(SolutionConfigurationPlatforms) = preSolution
		Debug|Any CPU = Debug|Any CPU
		Release|Any CPU = Release|Any CPU
	EndGlobalSection
	GlobalSection(ProjectConfigurationPlatforms) = postSolution
		{65B27082-A0CB-44B4-A33D-BE533F34BEFA}.Debug|Any CPU.ActiveCfg = Debug|Any CPU
		{65B27082-A0CB-44B4-A33D-BE533F34BEFA}.Debug|Any CPU.Build.0 = Debug|Any CPU
		{65B27082-A0CB-44B4-A33D-BE533F34BEFA}.Release|Any CPU.ActiveCfg = Release|Any CPU
		{65B27082-A0CB-44B4-A33D-BE533F34BEFA}.Release|Any CPU.Build.0 = Release|Any CPU
		{860CE28E-1056-4395-9CBB-1205687CA8D7}.Debug|Any CPU.ActiveCfg = Debug|Any CPU
		{860CE28E-1056-4395-9CBB-1205687CA8D7}.Debug|Any CPU.Build.0 = Debug|Any CPU
		{860CE28E-1056-4395-9CBB-1205687CA8D7}.Release|Any CPU.ActiveCfg = Release|Any CPU
		{860CE28E-1056-4395-9CBB-1205687CA8D7}.Release|Any CPU.Build.0 = Release|Any CPU
	EndGlobalSection
	GlobalSection(SolutionProperties) = preSolution
		HideSolutionNode = FALSE
	EndGlobalSection
	GlobalSection(ExtensibilityGlobals) = postSolution
		SolutionGuid = {78E71B4E-271E-4570-982F-CAC38ECF364A}
	EndGlobalSection
EndGlobal
